
Microsoft Visual Studio Solution File, Format Version 12.00
# Visual Studio Version 16
VisualStudioVersion = 16.0.33027.164
MinimumVisualStudioVersion = 10.0.40219.1
Project("{FAE04EC0-301F-11D3-BF4B-00C04F79EFBC}") = "ExampleDB_Connection", "ExampleDB_Connection\ExampleDB_Connection.csproj", "{352E5DCB-5207-495A-945B-E43C46ADF356}"
EndProject
Global
	GlobalSection(SolutionConfigurationPlatforms) = preSolution
		Debug|Any CPU = Debug|Any CPU
		Release|Any CPU = Release|Any CPU
	EndGlobalSection
	GlobalSection(ProjectConfigurationPlatforms) = postSolution
		{352E5DCB-5207-495A-945B-E43C46ADF356}.Debug|Any CPU.ActiveCfg = Debug|Any CPU
		{352E5DCB-5207-495A-945B-E43C46ADF356}.Debug|Any CPU.Build.0 = Debug|Any CPU
		{352E5DCB-5207-495A-945B-E43C46ADF356}.Release|Any CPU.ActiveCfg = Release|Any CPU
		{352E5DCB-5207-495A-945B-E43C46ADF356}.Release|Any CPU.Build.0 = Release|Any CPU
	EndGlobalSection
	GlobalSection(SolutionProperties) = preSolution
		HideSolutionNode = FALSE
	EndGlobalSection
	GlobalSection(ExtensibilityGlobals) = postSolution
		SolutionGuid = {D3B56EEE-176B-49F0-850C-C24AC91660A5}
	EndGlobalSection
EndGlobal
